
Microsoft Visual Studio Solution File, Format Version 12.00
# Visual Studio Version 16
VisualStudioVersion = 16.0.29215.179
MinimumVisualStudioVersion = 10.0.40219.1
Project("{9A19103F-16F7-4668-BE54-9A1E7A4F7556}") = "GoroBotApp", "GoroBotApp\GoroBotApp.csproj", "{AB8D1254-C5E8-4CC1-9822-ED38013F901C}"
EndProject
Global
	GlobalSection(SolutionConfigurationPlatforms) = preSolution
		Debug|Any CPU = Debug|Any CPU
		Release|Any CPU = Release|Any CPU
	EndGlobalSection
	GlobalSection(ProjectConfigurationPlatforms) = postSolution
		{AB8D1254-C5E8-4CC1-9822-ED38013F901C}.Debug|Any CPU.ActiveCfg = Debug|Any CPU
		{AB8D1254-C5E8-4CC1-9822-ED38013F901C}.Debug|Any CPU.Build.0 = Debug|Any CPU
		{AB8D1254-C5E8-4CC1-9822-ED38013F901C}.Release|Any CPU.ActiveCfg = Release|Any CPU
		{AB8D1254-C5E8-4CC1-9822-ED38013F901C}.Release|Any CPU.Build.0 = Release|Any CPU
	EndGlobalSection
	GlobalSection(SolutionProperties) = preSolution
		HideSolutionNode = FALSE
	EndGlobalSection
	GlobalSection(ExtensibilityGlobals) = postSolution
		SolutionGuid = {C4DB35AF-0A3A-40DF-889C-FBA2C82D300D}
	EndGlobalSection
EndGlobal
